
Microsoft Visual Studio Solution File, Format Version 12.00
# Visual Studio 15
Project("{FAE04EC0-301F-11D3-BF4B-00C04F79EFBC}") = "UnityEngine.TestRunner", "UnityEngine.TestRunner.csproj", "{B1EB9164-5054-FD4A-B781-E7067C82BA38}"
EndProject
Project("{FAE04EC0-301F-11D3-BF4B-00C04F79EFBC}") = "UnityEngine.UI", "UnityEngine.UI.csproj", "{104BEB2C-52C7-F8C1-466A-A7D769DBBF71}"
EndProject
Project("{FAE04EC0-301F-11D3-BF4B-00C04F79EFBC}") = "Unity.VisualScripting.Flow", "Unity.VisualScripting.Flow.csproj", "{820DDB3F-DDAC-1C07-5872-79DE69EDFD7D}"
EndProject
Project("{FAE04EC0-301F-11D3-BF4B-00C04F79EFBC}") = "Unity.Mathematics", "Unity.Mathematics.csproj", "{ABF081C8-260B-32D3-A54F-B59037DB924C}"
EndProject
Project("{FAE04EC0-301F-11D3-BF4B-00C04F79EFBC}") = "Unity.VisualScripting.State", "Unity.VisualScripting.State.csproj", "{646A5322-70C8-C51C-81E3-180C65FD4009}"
EndProject
Project("{FAE04EC0-301F-11D3-BF4B-00C04F79EFBC}") = "Unity.VisualScripting.Core", "Unity.VisualScripting.Core.csproj", "{129B90C8-A9D4-7C42-C057-D2BB786C0390}"
EndProject
Project("{FAE04EC0-301F-11D3-BF4B-00C04F79EFBC}") = "Unity.Burst", "Unity.Burst.csproj", "{0AE09CE5-02A4-8370-0838-421D2B34B35B}"
EndProject
Project("{FAE04EC0-301F-11D3-BF4B-00C04F79EFBC}") = "Unity.2D.Animation.Runtime", "Unity.2D.Animation.Runtime.csproj", "{34E9FA47-AA4B-CF4F-5CA5-DE54EA2017F0}"
EndProject
Project("{FAE04EC0-301F-11D3-BF4B-00C04F79EFBC}") = "Unity.TextMeshPro", "Unity.TextMeshPro.csproj", "{6447AD0D-E089-D252-833E-E0CE989EBAC9}"
EndProject
Project("{FAE04EC0-301F-11D3-BF4B-00C04F79EFBC}") = "Unity.Timeline", "Unity.Timeline.csproj", "{E3F3A88B-1056-3541-1900-75F1FABE5E05}"
EndProject
Project("{FAE04EC0-301F-11D3-BF4B-00C04F79EFBC}") = "Unity.2D.SpriteShape.Runtime", "Unity.2D.SpriteShape.Runtime.csproj", "{C52324A9-5303-E972-AC32-19921A2CF049}"
EndProject
Project("{FAE04EC0-301F-11D3-BF4B-00C04F79EFBC}") = "Unity.2D.PixelPerfect", "Unity.2D.PixelPerfect.csproj", "{13455B9B-8BC1-FABC-CDFC-A3E2440E04D9}"
EndProject
Project("{FAE04EC0-301F-11D3-BF4B-00C04F79EFBC}") = "Unity.2D.Common.Runtime", "Unity.2D.Common.Runtime.csproj", "{76EEA47D-AF91-0C40-41B0-D36161094A89}"
EndProject
Project("{FAE04EC0-301F-11D3-BF4B-00C04F79EFBC}") = "Unity.2D.IK.Runtime", "Unity.2D.IK.Runtime.csproj", "{6180FDA3-2017-76D2-04A0-6E2B6AD80078}"
EndProject
Project("{FAE04EC0-301F-11D3-BF4B-00C04F79EFBC}") = "Unity.2D.Tilemap.Extras", "Unity.2D.Tilemap.Extras.csproj", "{968264F4-BBAD-F234-B021-2EE6D6A49EF4}"
EndProject
Project("{FAE04EC0-301F-11D3-BF4B-00C04F79EFBC}") = "Unity.InternalAPIEngineBridge.001", "Unity.InternalAPIEngineBridge.001.csproj", "{D5309F25-3A1B-ED9C-2252-9E42D2E11CFF}"
EndProject
Project("{FAE04EC0-301F-11D3-BF4B-00C04F79EFBC}") = "Unity.PlasticSCM.Editor", "Unity.PlasticSCM.Editor.csproj", "{D914D59A-CBC1-E00E-EA8A-316ED174AAD0}"
EndProject
Project("{FAE04EC0-301F-11D3-BF4B-00C04F79EFBC}") = "Unity.VisualScripting.Core.Editor", "Unity.VisualScripting.Core.Editor.csproj", "{99A0ED3C-F819-2566-2137-894B91A82B10}"
EndProject
Project("{FAE04EC0-301F-11D3-BF4B-00C04F79EFBC}") = "Unity.VisualScripting.Flow.Editor", "Unity.VisualScripting.Flow.Editor.csproj", "{9D74A1E6-8263-4C91-21F0-550ACAF5DF3C}"
EndProject
Project("{FAE04EC0-301F-11D3-BF4B-00C04F79EFBC}") = "Unity.VisualStudio.Editor", "Unity.VisualStudio.Editor.csproj", "{7FF6CCCB-768E-48D9-766C-0F6A35652DB7}"
EndProject
Project("{FAE04EC0-301F-11D3-BF4B-00C04F79EFBC}") = "Unity.Timeline.Editor", "Unity.Timeline.Editor.csproj", "{2379BF27-A34F-C8F2-CD7A-E1C5586DF739}"
EndProject
Project("{FAE04EC0-301F-11D3-BF4B-00C04F79EFBC}") = "Unity.VisualScripting.State.Editor", "Unity.VisualScripting.State.Editor.csproj", "{F1272052-90A2-2CC7-28F1-A4B1C2E602BB}"
EndProject
Project("{FAE04EC0-301F-11D3-BF4B-00C04F79EFBC}") = "Unity.TextMeshPro.Editor", "Unity.TextMeshPro.Editor.csproj", "{7A52EF36-BBE3-F103-59AB-E54786407AD3}"
EndProject
Project("{FAE04EC0-301F-11D3-BF4B-00C04F79EFBC}") = "Unity.2D.Animation.Editor", "Unity.2D.Animation.Editor.csproj", "{D8AB1926-A737-459D-D08A-227AF65FECE6}"
EndProject
Project("{FAE04EC0-301F-11D3-BF4B-00C04F79EFBC}") = "Unity.VisualScripting.SettingsProvider.Editor", "Unity.VisualScripting.SettingsProvider.Editor.csproj", "{22E163D0-58F3-DDC8-6027-4ACC00215C9D}"
EndProject
Project("{FAE04EC0-301F-11D3-BF4B-00C04F79EFBC}") = "Unity.CollabProxy.Editor", "Unity.CollabProxy.Editor.csproj", "{58C2BC10-0C78-17FC-6F15-0C1533BBB267}"
EndProject
Project("{FAE04EC0-301F-11D3-BF4B-00C04F79EFBC}") = "UnityEditor.TestRunner", "UnityEditor.TestRunner.csproj", "{FF6C0E27-E640-31B8-2FC5-BD97C5342F07}"
EndProject
Project("{FAE04EC0-301F-11D3-BF4B-00C04F79EFBC}") = "Unity.2D.Tilemap.Editor", "Unity.2D.Tilemap.Editor.csproj", "{58C62C65-7042-EED1-8E7D-056D2886F783}"
EndProject
Project("{FAE04EC0-301F-11D3-BF4B-00C04F79EFBC}") = "Unity.Rider.Editor", "Unity.Rider.Editor.csproj", "{077E07B0-D1A1-23F6-D453-86F5F73A60A3}"
EndProject
Project("{FAE04EC0-301F-11D3-BF4B-00C04F79EFBC}") = "Unity.2D.Path.Editor", "Unity.2D.Path.Editor.csproj", "{69212DC1-25D7-C86C-D827-C4D3D334F55E}"
EndProject
Project("{FAE04EC0-301F-11D3-BF4B-00C04F79EFBC}") = "Unity.Services.Core.Editor", "Unity.Services.Core.Editor.csproj", "{AE4290CC-CBA2-42FB-168F-5C7C00523602}"
EndProject
Project("{FAE04EC0-301F-11D3-BF4B-00C04F79EFBC}") = "PsdPlugin", "PsdPlugin.csproj", "{9737647B-9FD2-3FAF-C409-8C4284071F6B}"
EndProject
Project("{FAE04EC0-301F-11D3-BF4B-00C04F79EFBC}") = "Unity.2D.IK.Editor", "Unity.2D.IK.Editor.csproj", "{DE11976B-AACB-8B7A-C300-B3F2C31B7023}"
EndProject
Project("{FAE04EC0-301F-11D3-BF4B-00C04F79EFBC}") = "Unity.2D.Psdimporter.Editor", "Unity.2D.Psdimporter.Editor.csproj", "{6E13360E-BC20-D60A-39ED-AAFB009E13BD}"
EndProject
Project("{FAE04EC0-301F-11D3-BF4B-00C04F79EFBC}") = "Unity.2D.SpriteShape.Editor", "Unity.2D.SpriteShape.Editor.csproj", "{7C42F821-4534-007D-8670-9EF46429AD1B}"
EndProject
Project("{FAE04EC0-301F-11D3-BF4B-00C04F79EFBC}") = "Unity.Burst.CodeGen", "Unity.Burst.CodeGen.csproj", "{FCA23550-C37D-932E-5F53-C153155D3012}"
EndProject
Project("{FAE04EC0-301F-11D3-BF4B-00C04F79EFBC}") = "Unity.2D.PixelPerfect.Editor", "Unity.2D.PixelPerfect.Editor.csproj", "{028D894D-ACB7-3A70-D328-1CC4E8449630}"
EndProject
Project("{FAE04EC0-301F-11D3-BF4B-00C04F79EFBC}") = "Unity.VSCode.Editor", "Unity.VSCode.Editor.csproj", "{F232F11E-32AF-1658-EC09-38692328E8EE}"
EndProject
Project("{FAE04EC0-301F-11D3-BF4B-00C04F79EFBC}") = "Unity.2D.Sprite.Editor", "Unity.2D.Sprite.Editor.csproj", "{DFB65531-56E6-2408-333C-D21156C5E5FF}"
EndProject
Project("{FAE04EC0-301F-11D3-BF4B-00C04F79EFBC}") = "UnityEditor.UI", "UnityEditor.UI.csproj", "{49E2C107-E2F0-A9E6-6F91-A12FBF07B53A}"
EndProject
Project("{FAE04EC0-301F-11D3-BF4B-00C04F79EFBC}") = "Unity.2D.Common.Editor", "Unity.2D.Common.Editor.csproj", "{96D59CB1-9177-B766-A79A-52163DF80FF5}"
EndProject
Project("{FAE04EC0-301F-11D3-BF4B-00C04F79EFBC}") = "Unity.Mathematics.Editor", "Unity.Mathematics.Editor.csproj", "{65BF1368-AAA4-9D65-F113-B1172C5FE2DA}"
EndProject
Project("{FAE04EC0-301F-11D3-BF4B-00C04F79EFBC}") = "Unity.2D.Tilemap.Extras.Editor", "Unity.2D.Tilemap.Extras.Editor.csproj", "{22757B35-55FD-F970-887F-96150A776D07}"
EndProject
Project("{FAE04EC0-301F-11D3-BF4B-00C04F79EFBC}") = "Unity.Burst.Editor", "Unity.Burst.Editor.csproj", "{8A076937-37AF-0B58-F2F1-A4F20516DA8D}"
EndProject
Project("{FAE04EC0-301F-11D3-BF4B-00C04F79EFBC}") = "Unity.InternalAPIEditorBridge.001", "Unity.InternalAPIEditorBridge.001.csproj", "{2497B805-098B-CB43-C7C1-DB3FA0DAACF4}"
EndProject
Project("{FAE04EC0-301F-11D3-BF4B-00C04F79EFBC}") = "Unity.VisualScripting.Shared.Editor", "Unity.VisualScripting.Shared.Editor.csproj", "{615CCDC6-FA0D-FB25-5F28-0DAB598ADFE6}"
EndProject
Project("{FAE04EC0-301F-11D3-BF4B-00C04F79EFBC}") = "UnityEngine.TestRunner", "UnityEngine.TestRunner.Player.csproj", "{30560E98-0C5B-F298-CDAB-08E6FD7FA726}"
EndProject
Project("{FAE04EC0-301F-11D3-BF4B-00C04F79EFBC}") = "UnityEngine.UI", "UnityEngine.UI.Player.csproj", "{1DEC1727-F8B9-ABFC-27F2-1D1CC2DFBEF6}"
EndProject
Project("{FAE04EC0-301F-11D3-BF4B-00C04F79EFBC}") = "Unity.VisualScripting.Flow", "Unity.VisualScripting.Flow.Player.csproj", "{7ED3178B-465D-EB0A-B7E0-9D9BA7400A3A}"
EndProject
Project("{FAE04EC0-301F-11D3-BF4B-00C04F79EFBC}") = "Unity.Mathematics", "Unity.Mathematics.Player.csproj", "{60E6F719-7B37-982C-8895-DEDA8735B596}"
EndProject
Project("{FAE04EC0-301F-11D3-BF4B-00C04F79EFBC}") = "Unity.VisualScripting.State", "Unity.VisualScripting.State.Player.csproj", "{7F45488D-50E8-4203-C368-A6CF02B8E1B4}"
EndProject
Project("{FAE04EC0-301F-11D3-BF4B-00C04F79EFBC}") = "Unity.VisualScripting.Core", "Unity.VisualScripting.Core.Player.csproj", "{E800C587-23E5-877F-5F41-5A212DDC9403}"
EndProject
Project("{FAE04EC0-301F-11D3-BF4B-00C04F79EFBC}") = "Unity.Burst", "Unity.Burst.Player.csproj", "{B259EBD1-3D48-6638-4BBC-DBECCA634EC4}"
EndProject
Project("{FAE04EC0-301F-11D3-BF4B-00C04F79EFBC}") = "Unity.2D.Animation.Runtime", "Unity.2D.Animation.Runtime.Player.csproj", "{4670DE17-1495-E141-601E-73749D690850}"
EndProject
Project("{FAE04EC0-301F-11D3-BF4B-00C04F79EFBC}") = "Unity.TextMeshPro", "Unity.TextMeshPro.Player.csproj", "{F11F6385-D1AD-F6CD-98EE-1CCC1E43FF35}"
EndProject
Project("{FAE04EC0-301F-11D3-BF4B-00C04F79EFBC}") = "Unity.Timeline", "Unity.Timeline.Player.csproj", "{FCC40F19-DF34-E8EF-03CB-065C6FA3491F}"
EndProject
Project("{FAE04EC0-301F-11D3-BF4B-00C04F79EFBC}") = "Unity.2D.SpriteShape.Runtime", "Unity.2D.SpriteShape.Runtime.Player.csproj", "{1FC3806D-6478-F9F0-A2B3-9617F509EDD7}"
EndProject
Project("{FAE04EC0-301F-11D3-BF4B-00C04F79EFBC}") = "Unity.2D.PixelPerfect", "Unity.2D.PixelPerfect.Player.csproj", "{7B326133-8A6A-7576-A81B-376FD13C0A23}"
EndProject
Project("{FAE04EC0-301F-11D3-BF4B-00C04F79EFBC}") = "Unity.2D.Common.Runtime", "Unity.2D.Common.Runtime.Player.csproj", "{5AD7FC46-1733-7F3E-F920-BFC818868B23}"
EndProject
Project("{FAE04EC0-301F-11D3-BF4B-00C04F79EFBC}") = "Unity.2D.IK.Runtime", "Unity.2D.IK.Runtime.Player.csproj", "{A17036E7-2A7B-7227-9424-48C6BFB08924}"
EndProject
Project("{FAE04EC0-301F-11D3-BF4B-00C04F79EFBC}") = "Unity.2D.Tilemap.Extras", "Unity.2D.Tilemap.Extras.Player.csproj", "{C0773917-5B2F-8C70-9EE6-C502152D8236}"
EndProject
Project("{FAE04EC0-301F-11D3-BF4B-00C04F79EFBC}") = "Unity.InternalAPIEngineBridge.001", "Unity.InternalAPIEngineBridge.001.Player.csproj", "{0B19B97A-0252-E386-B741-131B4CCAF8F3}"
EndProject
Global
	GlobalSection(SolutionConfigurationPlatforms) = preSolution
		Debug|Any CPU = Debug|Any CPU
		Release|Any CPU = Release|Any CPU
	EndGlobalSection
	GlobalSection(ProjectConfigurationPlatforms) = postSolution
		{B1EB9164-5054-FD4A-B781-E7067C82BA38}.Debug|Any CPU.ActiveCfg = Debug|Any CPU
		{B1EB9164-5054-FD4A-B781-E7067C82BA38}.Debug|Any CPU.Build.0 = Debug|Any CPU
		{B1EB9164-5054-FD4A-B781-E7067C82BA38}.Release|Any CPU.ActiveCfg = Release|Any CPU
		{B1EB9164-5054-FD4A-B781-E7067C82BA38}.Release|Any CPU.Build.0 = Release|Any CPU
		{104BEB2C-52C7-F8C1-466A-A7D769DBBF71}.Debug|Any CPU.ActiveCfg = Debug|Any CPU
		{104BEB2C-52C7-F8C1-466A-A7D769DBBF71}.Debug|Any CPU.Build.0 = Debug|Any CPU
		{104BEB2C-52C7-F8C1-466A-A7D769DBBF71}.Release|Any CPU.ActiveCfg = Release|Any CPU
		{104BEB2C-52C7-F8C1-466A-A7D769DBBF71}.Release|Any CPU.Build.0 = Release|Any CPU
		{820DDB3F-DDAC-1C07-5872-79DE69EDFD7D}.Debug|Any CPU.ActiveCfg = Debug|Any CPU
		{820DDB3F-DDAC-1C07-5872-79DE69EDFD7D}.Debug|Any CPU.Build.0 = Debug|Any CPU
		{820DDB3F-DDAC-1C07-5872-79DE69EDFD7D}.Release|Any CPU.ActiveCfg = Release|Any CPU
		{820DDB3F-DDAC-1C07-5872-79DE69EDFD7D}.Release|Any CPU.Build.0 = Release|Any CPU
		{ABF081C8-260B-32D3-A54F-B59037DB924C}.Debug|Any CPU.ActiveCfg = Debug|Any CPU
		{ABF081C8-260B-32D3-A54F-B59037DB924C}.Debug|Any CPU.Build.0 = Debug|Any CPU
		{ABF081C8-260B-32D3-A54F-B59037DB924C}.Release|Any CPU.ActiveCfg = Release|Any CPU
		{ABF081C8-260B-32D3-A54F-B59037DB924C}.Release|Any CPU.Build.0 = Release|Any CPU
		{646A5322-70C8-C51C-81E3-180C65FD4009}.Debug|Any CPU.ActiveCfg = Debug|Any CPU
		{646A5322-70C8-C51C-81E3-180C65FD4009}.Debug|Any CPU.Build.0 = Debug|Any CPU
		{646A5322-70C8-C51C-81E3-180C65FD4009}.Release|Any CPU.ActiveCfg = Release|Any CPU
		{646A5322-70C8-C51C-81E3-180C65FD4009}.Release|Any CPU.Build.0 = Release|Any CPU
		{129B90C8-A9D4-7C42-C057-D2BB786C0390}.Debug|Any CPU.ActiveCfg = Debug|Any CPU
		{129B90C8-A9D4-7C42-C057-D2BB786C0390}.Debug|Any CPU.Build.0 = Debug|Any CPU
		{129B90C8-A9D4-7C42-C057-D2BB786C0390}.Release|Any CPU.ActiveCfg = Release|Any CPU
		{129B90C8-A9D4-7C42-C057-D2BB786C0390}.Release|Any CPU.Build.0 = Release|Any CPU
		{0AE09CE5-02A4-8370-0838-421D2B34B35B}.Debug|Any CPU.ActiveCfg = Debug|Any CPU
		{0AE09CE5-02A4-8370-0838-421D2B34B35B}.Debug|Any CPU.Build.0 = Debug|Any CPU
		{0AE09CE5-02A4-8370-0838-421D2B34B35B}.Release|Any CPU.ActiveCfg = Release|Any CPU
		{0AE09CE5-02A4-8370-0838-421D2B34B35B}.Release|Any CPU.Build.0 = Release|Any CPU
		{34E9FA47-AA4B-CF4F-5CA5-DE54EA2017F0}.Debug|Any CPU.ActiveCfg = Debug|Any CPU
		{34E9FA47-AA4B-CF4F-5CA5-DE54EA2017F0}.Debug|Any CPU.Build.0 = Debug|Any CPU
		{34E9FA47-AA4B-CF4F-5CA5-DE54EA2017F0}.Release|Any CPU.ActiveCfg = Release|Any CPU
		{34E9FA47-AA4B-CF4F-5CA5-DE54EA2017F0}.Release|Any CPU.Build.0 = Release|Any CPU
		{6447AD0D-E089-D252-833E-E0CE989EBAC9}.Debug|Any CPU.ActiveCfg = Debug|Any CPU
		{6447AD0D-E089-D252-833E-E0CE989EBAC9}.Debug|Any CPU.Build.0 = Debug|Any CPU
		{6447AD0D-E089-D252-833E-E0CE989EBAC9}.Release|Any CPU.ActiveCfg = Release|Any CPU
		{6447AD0D-E089-D252-833E-E0CE989EBAC9}.Release|Any CPU.Build.0 = Release|Any CPU
		{E3F3A88B-1056-3541-1900-75F1FABE5E05}.Debug|Any CPU.ActiveCfg = Debug|Any CPU
		{E3F3A88B-1056-3541-1900-75F1FABE5E05}.Debug|Any CPU.Build.0 = Debug|Any CPU
		{E3F3A88B-1056-3541-1900-75F1FABE5E05}.Release|Any CPU.ActiveCfg = Release|Any CPU
		{E3F3A88B-1056-3541-1900-75F1FABE5E05}.Release|Any CPU.Build.0 = Release|Any CPU
		{C52324A9-5303-E972-AC32-19921A2CF049}.Debug|Any CPU.ActiveCfg = Debug|Any CPU
		{C52324A9-5303-E972-AC32-19921A2CF049}.Debug|Any CPU.Build.0 = Debug|Any CPU
		{C52324A9-5303-E972-AC32-19921A2CF049}.Release|Any CPU.ActiveCfg = Release|Any CPU
		{C52324A9-5303-E972-AC32-19921A2CF049}.Release|Any CPU.Build.0 = Release|Any CPU
		{13455B9B-8BC1-FABC-CDFC-A3E2440E04D9}.Debug|Any CPU.ActiveCfg = Debug|Any CPU
		{13455B9B-8BC1-FABC-CDFC-A3E2440E04D9}.Debug|Any CPU.Build.0 = Debug|Any CPU
		{13455B9B-8BC1-FABC-CDFC-A3E2440E04D9}.Release|Any CPU.ActiveCfg = Release|Any CPU
		{13455B9B-8BC1-FABC-CDFC-A3E2440E04D9}.Release|Any CPU.Build.0 = Release|Any CPU
		{76EEA47D-AF91-0C40-41B0-D36161094A89}.Debug|Any CPU.ActiveCfg = Debug|Any CPU
		{76EEA47D-AF91-0C40-41B0-D36161094A89}.Debug|Any CPU.Build.0 = Debug|Any CPU
		{76EEA47D-AF91-0C40-41B0-D36161094A89}.Release|Any CPU.ActiveCfg = Release|Any CPU
		{76EEA47D-AF91-0C40-41B0-D36161094A89}.Release|Any CPU.Build.0 = Release|Any CPU
		{6180FDA3-2017-76D2-04A0-6E2B6AD80078}.Debug|Any CPU.ActiveCfg = Debug|Any CPU
		{6180FDA3-2017-76D2-04A0-6E2B6AD80078}.Debug|Any CPU.Build.0 = Debug|Any CPU
		{6180FDA3-2017-76D2-04A0-6E2B6AD80078}.Release|Any CPU.ActiveCfg = Release|Any CPU
		{6180FDA3-2017-76D2-04A0-6E2B6AD80078}.Release|Any CPU.Build.0 = Release|Any CPU
		{968264F4-BBAD-F234-B021-2EE6D6A49EF4}.Debug|Any CPU.ActiveCfg = Debug|Any CPU
		{968264F4-BBAD-F234-B021-2EE6D6A49EF4}.Debug|Any CPU.Build.0 = Debug|Any CPU
		{968264F4-BBAD-F234-B021-2EE6D6A49EF4}.Release|Any CPU.ActiveCfg = Release|Any CPU
		{968264F4-BBAD-F234-B021-2EE6D6A49EF4}.Release|Any CPU.Build.0 = Release|Any CPU
		{D5309F25-3A1B-ED9C-2252-9E42D2E11CFF}.Debug|Any CPU.ActiveCfg = Debug|Any CPU
		{D5309F25-3A1B-ED9C-2252-9E42D2E11CFF}.Debug|Any CPU.Build.0 = Debug|Any CPU
		{D5309F25-3A1B-ED9C-2252-9E42D2E11CFF}.Release|Any CPU.ActiveCfg = Release|Any CPU
		{D5309F25-3A1B-ED9C-2252-9E42D2E11CFF}.Release|Any CPU.Build.0 = Release|Any CPU
		{D914D59A-CBC1-E00E-EA8A-316ED174AAD0}.Debug|Any CPU.ActiveCfg = Debug|Any CPU
		{D914D59A-CBC1-E00E-EA8A-316ED174AAD0}.Debug|Any CPU.Build.0 = Debug|Any CPU
		{D914D59A-CBC1-E00E-EA8A-316ED174AAD0}.Release|Any CPU.ActiveCfg = Release|Any CPU
		{D914D59A-CBC1-E00E-EA8A-316ED174AAD0}.Release|Any CPU.Build.0 = Release|Any CPU
		{99A0ED3C-F819-2566-2137-894B91A82B10}.Debug|Any CPU.ActiveCfg = Debug|Any CPU
		{99A0ED3C-F819-2566-2137-894B91A82B10}.Debug|Any CPU.Build.0 = Debug|Any CPU
		{99A0ED3C-F819-2566-2137-894B91A82B10}.Release|Any CPU.ActiveCfg = Release|Any CPU
		{99A0ED3C-F819-2566-2137-894B91A82B10}.Release|Any CPU.Build.0 = Release|Any CPU
		{9D74A1E6-8263-4C91-21F0-550ACAF5DF3C}.Debug|Any CPU.ActiveCfg = Debug|Any CPU
		{9D74A1E6-8263-4C91-21F0-550ACAF5DF3C}.Debug|Any CPU.Build.0 = Debug|Any CPU
		{9D74A1E6-8263-4C91-21F0-550ACAF5DF3C}.Release|Any CPU.ActiveCfg = Release|Any CPU
		{9D74A1E6-8263-4C91-21F0-550ACAF5DF3C}.Release|Any CPU.Build.0 = Release|Any CPU
		{7FF6CCCB-768E-48D9-766C-0F6A35652DB7}.Debug|Any CPU.ActiveCfg = Debug|Any CPU
		{7FF6CCCB-768E-48D9-766C-0F6A35652DB7}.Debug|Any CPU.Build.0 = Debug|Any CPU
		{7FF6CCCB-768E-48D9-766C-0F6A35652DB7}.Release|Any CPU.ActiveCfg = Release|Any CPU
		{7FF6CCCB-768E-48D9-766C-0F6A35652DB7}.Release|Any CPU.Build.0 = Release|Any CPU
		{2379BF27-A34F-C8F2-CD7A-E1C5586DF739}.Debug|Any CPU.ActiveCfg = Debug|Any CPU
		{2379BF27-A34F-C8F2-CD7A-E1C5586DF739}.Debug|Any CPU.Build.0 = Debug|Any CPU
		{2379BF27-A34F-C8F2-CD7A-E1C5586DF739}.Release|Any CPU.ActiveCfg = Release|Any CPU
		{2379BF27-A34F-C8F2-CD7A-E1C5586DF739}.Release|Any CPU.Build.0 = Release|Any CPU
		{F1272052-90A2-2CC7-28F1-A4B1C2E602BB}.Debug|Any CPU.ActiveCfg = Debug|Any CPU
		{F1272052-90A2-2CC7-28F1-A4B1C2E602BB}.Debug|Any CPU.Build.0 = Debug|Any CPU
		{F1272052-90A2-2CC7-28F1-A4B1C2E602BB}.Release|Any CPU.ActiveCfg = Release|Any CPU
		{F1272052-90A2-2CC7-28F1-A4B1C2E602BB}.Release|Any CPU.Build.0 = Release|Any CPU
		{7A52EF36-BBE3-F103-59AB-E54786407AD3}.Debug|Any CPU.ActiveCfg = Debug|Any CPU
		{7A52EF36-BBE3-F103-59AB-E54786407AD3}.Debug|Any CPU.Build.0 = Debug|Any CPU
		{7A52EF36-BBE3-F103-59AB-E54786407AD3}.Release|Any CPU.ActiveCfg = Release|Any CPU
		{7A52EF36-BBE3-F103-59AB-E54786407AD3}.Release|Any CPU.Build.0 = Release|Any CPU
		{D8AB1926-A737-459D-D08A-227AF65FECE6}.Debug|Any CPU.ActiveCfg = Debug|Any CPU
		{D8AB1926-A737-459D-D08A-227AF65FECE6}.Debug|Any CPU.Build.0 = Debug|Any CPU
		{D8AB1926-A737-459D-D08A-227AF65FECE6}.Release|Any CPU.ActiveCfg = Release|Any CPU
		{D8AB1926-A737-459D-D08A-227AF65FECE6}.Release|Any CPU.Build.0 = Release|Any CPU
		{22E163D0-58F3-DDC8-6027-4ACC00215C9D}.Debug|Any CPU.ActiveCfg = Debug|Any CPU
		{22E163D0-58F3-DDC8-6027-4ACC00215C9D}.Debug|Any CPU.Build.0 = Debug|Any CPU
		{22E163D0-58F3-DDC8-6027-4ACC00215C9D}.Release|Any CPU.ActiveCfg = Release|Any CPU
		{22E163D0-58F3-DDC8-6027-4ACC00215C9D}.Release|Any CPU.Build.0 = Release|Any CPU
		{58C2BC10-0C78-17FC-6F15-0C1533BBB267}.Debug|Any CPU.ActiveCfg = Debug|Any CPU
		{58C2BC10-0C78-17FC-6F15-0C1533BBB267}.Debug|Any CPU.Build.0 = Debug|Any CPU
		{58C2BC10-0C78-17FC-6F15-0C1533BBB267}.Release|Any CPU.ActiveCfg = Release|Any CPU
		{58C2BC10-0C78-17FC-6F15-0C1533BBB267}.Release|Any CPU.Build.0 = Release|Any CPU
		{FF6C0E27-E640-31B8-2FC5-BD97C5342F07}.Debug|Any CPU.ActiveCfg = Debug|Any CPU
		{FF6C0E27-E640-31B8-2FC5-BD97C5342F07}.Debug|Any CPU.Build.0 = Debug|Any CPU
		{FF6C0E27-E640-31B8-2FC5-BD97C5342F07}.Release|Any CPU.ActiveCfg = Release|Any CPU
		{FF6C0E27-E640-31B8-2FC5-BD97C5342F07}.Release|Any CPU.Build.0 = Release|Any CPU
		{58C62C65-7042-EED1-8E7D-056D2886F783}.Debug|Any CPU.ActiveCfg = Debug|Any CPU
		{58C62C65-7042-EED1-8E7D-056D2886F783}.Debug|Any CPU.Build.0 = Debug|Any CPU
		{58C62C65-7042-EED1-8E7D-056D2886F783}.Release|Any CPU.ActiveCfg = Release|Any CPU
		{58C62C65-7042-EED1-8E7D-056D2886F783}.Release|Any CPU.Build.0 = Release|Any CPU
		{077E07B0-D1A1-23F6-D453-86F5F73A60A3}.Debug|Any CPU.ActiveCfg = Debug|Any CPU
		{077E07B0-D1A1-23F6-D453-86F5F73A60A3}.Debug|Any CPU.Build.0 = Debug|Any CPU
		{077E07B0-D1A1-23F6-D453-86F5F73A60A3}.Release|Any CPU.ActiveCfg = Release|Any CPU
		{077E07B0-D1A1-23F6-D453-86F5F73A60A3}.Release|Any CPU.Build.0 = Release|Any CPU
		{69212DC1-25D7-C86C-D827-C4D3D334F55E}.Debug|Any CPU.ActiveCfg = Debug|Any CPU
		{69212DC1-25D7-C86C-D827-C4D3D334F55E}.Debug|Any CPU.Build.0 = Debug|Any CPU
		{69212DC1-25D7-C86C-D827-C4D3D334F55E}.Release|Any CPU.ActiveCfg = Release|Any CPU
		{69212DC1-25D7-C86C-D827-C4D3D334F55E}.Release|Any CPU.Build.0 = Release|Any CPU
		{AE4290CC-CBA2-42FB-168F-5C7C00523602}.Debug|Any CPU.ActiveCfg = Debug|Any CPU
		{AE4290CC-CBA2-42FB-168F-5C7C00523602}.Debug|Any CPU.Build.0 = Debug|Any CPU
		{AE4290CC-CBA2-42FB-168F-5C7C00523602}.Release|Any CPU.ActiveCfg = Release|Any CPU
		{AE4290CC-CBA2-42FB-168F-5C7C00523602}.Release|Any CPU.Build.0 = Release|Any CPU
		{9737647B-9FD2-3FAF-C409-8C4284071F6B}.Debug|Any CPU.ActiveCfg = Debug|Any CPU
		{9737647B-9FD2-3FAF-C409-8C4284071F6B}.Debug|Any CPU.Build.0 = Debug|Any CPU
		{9737647B-9FD2-3FAF-C409-8C4284071F6B}.Release|Any CPU.ActiveCfg = Release|Any CPU
		{9737647B-9FD2-3FAF-C409-8C4284071F6B}.Release|Any CPU.Build.0 = Release|Any CPU
		{DE11976B-AACB-8B7A-C300-B3F2C31B7023}.Debug|Any CPU.ActiveCfg = Debug|Any CPU
		{DE11976B-AACB-8B7A-C300-B3F2C31B7023}.Debug|Any CPU.Build.0 = Debug|Any CPU
		{DE11976B-AACB-8B7A-C300-B3F2C31B7023}.Release|Any CPU.ActiveCfg = Release|Any CPU
		{DE11976B-AACB-8B7A-C300-B3F2C31B7023}.Release|Any CPU.Build.0 = Release|Any CPU
		{6E13360E-BC20-D60A-39ED-AAFB009E13BD}.Debug|Any CPU.ActiveCfg = Debug|Any CPU
		{6E13360E-BC20-D60A-39ED-AAFB009E13BD}.Debug|Any CPU.Build.0 = Debug|Any CPU
		{6E13360E-BC20-D60A-39ED-AAFB009E13BD}.Release|Any CPU.ActiveCfg = Release|Any CPU
		{6E13360E-BC20-D60A-39ED-AAFB009E13BD}.Release|Any CPU.Build.0 = Release|Any CPU
		{7C42F821-4534-007D-8670-9EF46429AD1B}.Debug|Any CPU.ActiveCfg = Debug|Any CPU
		{7C42F821-4534-007D-8670-9EF46429AD1B}.Debug|Any CPU.Build.0 = Debug|Any CPU
		{7C42F821-4534-007D-8670-9EF46429AD1B}.Release|Any CPU.ActiveCfg = Release|Any CPU
		{7C42F821-4534-007D-8670-9EF46429AD1B}.Release|Any CPU.Build.0 = Release|Any CPU
		{FCA23550-C37D-932E-5F53-C153155D3012}.Debug|Any CPU.ActiveCfg = Debug|Any CPU
		{FCA23550-C37D-932E-5F53-C153155D3012}.Debug|Any CPU.Build.0 = Debug|Any CPU
		{FCA23550-C37D-932E-5F53-C153155D3012}.Release|Any CPU.ActiveCfg = Release|Any CPU
		{FCA23550-C37D-932E-5F53-C153155D3012}.Release|Any CPU.Build.0 = Release|Any CPU
		{028D894D-ACB7-3A70-D328-1CC4E8449630}.Debug|Any CPU.ActiveCfg = Debug|Any CPU
		{028D894D-ACB7-3A70-D328-1CC4E8449630}.Debug|Any CPU.Build.0 = Debug|Any CPU
		{028D894D-ACB7-3A70-D328-1CC4E8449630}.Release|Any CPU.ActiveCfg = Release|Any CPU
		{028D894D-ACB7-3A70-D328-1CC4E8449630}.Release|Any CPU.Build.0 = Release|Any CPU
		{F232F11E-32AF-1658-EC09-38692328E8EE}.Debug|Any CPU.ActiveCfg = Debug|Any CPU
		{F232F11E-32AF-1658-EC09-38692328E8EE}.Debug|Any CPU.Build.0 = Debug|Any CPU
		{F232F11E-32AF-1658-EC09-38692328E8EE}.Release|Any CPU.ActiveCfg = Release|Any CPU
		{F232F11E-32AF-1658-EC09-38692328E8EE}.Release|Any CPU.Build.0 = Release|Any CPU
		{DFB65531-56E6-2408-333C-D21156C5E5FF}.Debug|Any CPU.ActiveCfg = Debug|Any CPU
		{DFB65531-56E6-2408-333C-D21156C5E5FF}.Debug|Any CPU.Build.0 = Debug|Any CPU
		{DFB65531-56E6-2408-333C-D21156C5E5FF}.Release|Any CPU.ActiveCfg = Release|Any CPU
		{DFB65531-56E6-2408-333C-D21156C5E5FF}.Release|Any CPU.Build.0 = Release|Any CPU
		{49E2C107-E2F0-A9E6-6F91-A12FBF07B53A}.Debug|Any CPU.ActiveCfg = Debug|Any CPU
		{49E2C107-E2F0-A9E6-6F91-A12FBF07B53A}.Debug|Any CPU.Build.0 = Debug|Any CPU
		{49E2C107-E2F0-A9E6-6F91-A12FBF07B53A}.Release|Any CPU.ActiveCfg = Release|Any CPU
		{49E2C107-E2F0-A9E6-6F91-A12FBF07B53A}.Release|Any CPU.Build.0 = Release|Any CPU
		{96D59CB1-9177-B766-A79A-52163DF80FF5}.Debug|Any CPU.ActiveCfg = Debug|Any CPU
		{96D59CB1-9177-B766-A79A-52163DF80FF5}.Debug|Any CPU.Build.0 = Debug|Any CPU
		{96D59CB1-9177-B766-A79A-52163DF80FF5}.Release|Any CPU.ActiveCfg = Release|Any CPU
		{96D59CB1-9177-B766-A79A-52163DF80FF5}.Release|Any CPU.Build.0 = Release|Any CPU
		{65BF1368-AAA4-9D65-F113-B1172C5FE2DA}.Debug|Any CPU.ActiveCfg = Debug|Any CPU
		{65BF1368-AAA4-9D65-F113-B1172C5FE2DA}.Debug|Any CPU.Build.0 = Debug|Any CPU
		{65BF1368-AAA4-9D65-F113-B1172C5FE2DA}.Release|Any CPU.ActiveCfg = Release|Any CPU
		{65BF1368-AAA4-9D65-F113-B1172C5FE2DA}.Release|Any CPU.Build.0 = Release|Any CPU
		{22757B35-55FD-F970-887F-96150A776D07}.Debug|Any CPU.ActiveCfg = Debug|Any CPU
		{22757B35-55FD-F970-887F-96150A776D07}.Debug|Any CPU.Build.0 = Debug|Any CPU
		{22757B35-55FD-F970-887F-96150A776D07}.Release|Any CPU.ActiveCfg = Release|Any CPU
		{22757B35-55FD-F970-887F-96150A776D07}.Release|Any CPU.Build.0 = Release|Any CPU
		{8A076937-37AF-0B58-F2F1-A4F20516DA8D}.Debug|Any CPU.ActiveCfg = Debug|Any CPU
		{8A076937-37AF-0B58-F2F1-A4F20516DA8D}.Debug|Any CPU.Build.0 = Debug|Any CPU
		{8A076937-37AF-0B58-F2F1-A4F20516DA8D}.Release|Any CPU.ActiveCfg = Release|Any CPU
		{8A076937-37AF-0B58-F2F1-A4F20516DA8D}.Release|Any CPU.Build.0 = Release|Any CPU
		{2497B805-098B-CB43-C7C1-DB3FA0DAACF4}.Debug|Any CPU.ActiveCfg = Debug|Any CPU
		{2497B805-098B-CB43-C7C1-DB3FA0DAACF4}.Debug|Any CPU.Build.0 = Debug|Any CPU
		{2497B805-098B-CB43-C7C1-DB3FA0DAACF4}.Release|Any CPU.ActiveCfg = Release|Any CPU
		{2497B805-098B-CB43-C7C1-DB3FA0DAACF4}.Release|Any CPU.Build.0 = Release|Any CPU
		{615CCDC6-FA0D-FB25-5F28-0DAB598ADFE6}.Debug|Any CPU.ActiveCfg = Debug|Any CPU
		{615CCDC6-FA0D-FB25-5F28-0DAB598ADFE6}.Debug|Any CPU.Build.0 = Debug|Any CPU
		{615CCDC6-FA0D-FB25-5F28-0DAB598ADFE6}.Release|Any CPU.ActiveCfg = Release|Any CPU
		{615CCDC6-FA0D-FB25-5F28-0DAB598ADFE6}.Release|Any CPU.Build.0 = Release|Any CPU
		{30560E98-0C5B-F298-CDAB-08E6FD7FA726}.Debug|Any CPU.ActiveCfg = Debug|Any CPU
		{30560E98-0C5B-F298-CDAB-08E6FD7FA726}.Debug|Any CPU.Build.0 = Debug|Any CPU
		{30560E98-0C5B-F298-CDAB-08E6FD7FA726}.Release|Any CPU.ActiveCfg = Release|Any CPU
		{30560E98-0C5B-F298-CDAB-08E6FD7FA726}.Release|Any CPU.Build.0 = Release|Any CPU
		{1DEC1727-F8B9-ABFC-27F2-1D1CC2DFBEF6}.Debug|Any CPU.ActiveCfg = Debug|Any CPU
		{1DEC1727-F8B9-ABFC-27F2-1D1CC2DFBEF6}.Debug|Any CPU.Build.0 = Debug|Any CPU
		{1DEC1727-F8B9-ABFC-27F2-1D1CC2DFBEF6}.Release|Any CPU.ActiveCfg = Release|Any CPU
		{1DEC1727-F8B9-ABFC-27F2-1D1CC2DFBEF6}.Release|Any CPU.Build.0 = Release|Any CPU
		{7ED3178B-465D-EB0A-B7E0-9D9BA7400A3A}.Debug|Any CPU.ActiveCfg = Debug|Any CPU
		{7ED3178B-465D-EB0A-B7E0-9D9BA7400A3A}.Debug|Any CPU.Build.0 = Debug|Any CPU
		{7ED3178B-465D-EB0A-B7E0-9D9BA7400A3A}.Release|Any CPU.ActiveCfg = Release|Any CPU
		{7ED3178B-465D-EB0A-B7E0-9D9BA7400A3A}.Release|Any CPU.Build.0 = Release|Any CPU
		{60E6F719-7B37-982C-8895-DEDA8735B596}.Debug|Any CPU.ActiveCfg = Debug|Any CPU
		{60E6F719-7B37-982C-8895-DEDA8735B596}.Debug|Any CPU.Build.0 = Debug|Any CPU
		{60E6F719-7B37-982C-8895-DEDA8735B596}.Release|Any CPU.ActiveCfg = Release|Any CPU
		{60E6F719-7B37-982C-8895-DEDA8735B596}.Release|Any CPU.Build.0 = Release|Any CPU
		{7F45488D-50E8-4203-C368-A6CF02B8E1B4}.Debug|Any CPU.ActiveCfg = Debug|Any CPU
		{7F45488D-50E8-4203-C368-A6CF02B8E1B4}.Debug|Any CPU.Build.0 = Debug|Any CPU
		{7F45488D-50E8-4203-C368-A6CF02B8E1B4}.Release|Any CPU.ActiveCfg = Release|Any CPU
		{7F45488D-50E8-4203-C368-A6CF02B8E1B4}.Release|Any CPU.Build.0 = Release|Any CPU
		{E800C587-23E5-877F-5F41-5A212DDC9403}.Debug|Any CPU.ActiveCfg = Debug|Any CPU
		{E800C587-23E5-877F-5F41-5A212DDC9403}.Debug|Any CPU.Build.0 = Debug|Any CPU
		{E800C587-23E5-877F-5F41-5A212DDC9403}.Release|Any CPU.ActiveCfg = Release|Any CPU
		{E800C587-23E5-877F-5F41-5A212DDC9403}.Release|Any CPU.Build.0 = Release|Any CPU
		{B259EBD1-3D48-6638-4BBC-DBECCA634EC4}.Debug|Any CPU.ActiveCfg = Debug|Any CPU
		{B259EBD1-3D48-6638-4BBC-DBECCA634EC4}.Debug|Any CPU.Build.0 = Debug|Any CPU
		{B259EBD1-3D48-6638-4BBC-DBECCA634EC4}.Release|Any CPU.ActiveCfg = Release|Any CPU
		{B259EBD1-3D48-6638-4BBC-DBECCA634EC4}.Release|Any CPU.Build.0 = Release|Any CPU
		{4670DE17-1495-E141-601E-73749D690850}.Debug|Any CPU.ActiveCfg = Debug|Any CPU
		{4670DE17-1495-E141-601E-73749D690850}.Debug|Any CPU.Build.0 = Debug|Any CPU
		{4670DE17-1495-E141-601E-73749D690850}.Release|Any CPU.ActiveCfg = Release|Any CPU
		{4670DE17-1495-E141-601E-73749D690850}.Release|Any CPU.Build.0 = Release|Any CPU
		{F11F6385-D1AD-F6CD-98EE-1CCC1E43FF35}.Debug|Any CPU.ActiveCfg = Debug|Any CPU
		{F11F6385-D1AD-F6CD-98EE-1CCC1E43FF35}.Debug|Any CPU.Build.0 = Debug|Any CPU
		{F11F6385-D1AD-F6CD-98EE-1CCC1E43FF35}.Release|Any CPU.ActiveCfg = Release|Any CPU
		{F11F6385-D1AD-F6CD-98EE-1CCC1E43FF35}.Release|Any CPU.Build.0 = Release|Any CPU
		{FCC40F19-DF34-E8EF-03CB-065C6FA3491F}.Debug|Any CPU.ActiveCfg = Debug|Any CPU
		{FCC40F19-DF34-E8EF-03CB-065C6FA3491F}.Debug|Any CPU.Build.0 = Debug|Any CPU
		{FCC40F19-DF34-E8EF-03CB-065C6FA3491F}.Release|Any CPU.ActiveCfg = Release|Any CPU
		{FCC40F19-DF34-E8EF-03CB-065C6FA3491F}.Release|Any CPU.Build.0 = Release|Any CPU
		{1FC3806D-6478-F9F0-A2B3-9617F509EDD7}.Debug|Any CPU.ActiveCfg = Debug|Any CPU
		{1FC3806D-6478-F9F0-A2B3-9617F509EDD7}.Debug|Any CPU.Build.0 = Debug|Any CPU
		{1FC3806D-6478-F9F0-A2B3-9617F509EDD7}.Release|Any CPU.ActiveCfg = Release|Any CPU
		{1FC3806D-6478-F9F0-A2B3-9617F509EDD7}.Release|Any CPU.Build.0 = Release|Any CPU
		{7B326133-8A6A-7576-A81B-376FD13C0A23}.Debug|Any CPU.ActiveCfg = Debug|Any CPU
		{7B326133-8A6A-7576-A81B-376FD13C0A23}.Debug|Any CPU.Build.0 = Debug|Any CPU
		{7B326133-8A6A-7576-A81B-376FD13C0A23}.Release|Any CPU.ActiveCfg = Release|Any CPU
		{7B326133-8A6A-7576-A81B-376FD13C0A23}.Release|Any CPU.Build.0 = Release|Any CPU
		{5AD7FC46-1733-7F3E-F920-BFC818868B23}.Debug|Any CPU.ActiveCfg = Debug|Any CPU
		{5AD7FC46-1733-7F3E-F920-BFC818868B23}.Debug|Any CPU.Build.0 = Debug|Any CPU
		{5AD7FC46-1733-7F3E-F920-BFC818868B23}.Release|Any CPU.ActiveCfg = Release|Any CPU
		{5AD7FC46-1733-7F3E-F920-BFC818868B23}.Release|Any CPU.Build.0 = Release|Any CPU
		{A17036E7-2A7B-7227-9424-48C6BFB08924}.Debug|Any CPU.ActiveCfg = Debug|Any CPU
		{A17036E7-2A7B-7227-9424-48C6BFB08924}.Debug|Any CPU.Build.0 = Debug|Any CPU
		{A17036E7-2A7B-7227-9424-48C6BFB08924}.Release|Any CPU.ActiveCfg = Release|Any CPU
		{A17036E7-2A7B-7227-9424-48C6BFB08924}.Release|Any CPU.Build.0 = Release|Any CPU
		{C0773917-5B2F-8C70-9EE6-C502152D8236}.Debug|Any CPU.ActiveCfg = Debug|Any CPU
		{C0773917-5B2F-8C70-9EE6-C502152D8236}.Debug|Any CPU.Build.0 = Debug|Any CPU
		{C0773917-5B2F-8C70-9EE6-C502152D8236}.Release|Any CPU.ActiveCfg = Release|Any CPU
		{C0773917-5B2F-8C70-9EE6-C502152D8236}.Release|Any CPU.Build.0 = Release|Any CPU
		{0B19B97A-0252-E386-B741-131B4CCAF8F3}.Debug|Any CPU.ActiveCfg = Debug|Any CPU
		{0B19B97A-0252-E386-B741-131B4CCAF8F3}.Debug|Any CPU.Build.0 = Debug|Any CPU
		{0B19B97A-0252-E386-B741-131B4CCAF8F3}.Release|Any CPU.ActiveCfg = Release|Any CPU
		{0B19B97A-0252-E386-B741-131B4CCAF8F3}.Release|Any CPU.Build.0 = Release|Any CPU
	EndGlobalSection
	GlobalSection(SolutionProperties) = preSolution
		HideSolutionNode = FALSE
	EndGlobalSection
EndGlobal
